# THIS IS AN AUTOGENERATED FILE. DO NOT EDIT THIS FILE DIRECTLY.
# yarn lockfile v1


"@codepan/kiwi-ui@^0.0.1-5", "@codepan/kiwi-ui@^0.0.1-6":
  version "0.0.1-6"
  resolved "https://registry.yarnpkg.com/@codepan/kiwi-ui/-/kiwi-ui-0.0.1-6.tgz#fed3c6ac03a6899993ea088bd41d1ce562e1e4b7"
  integrity sha512-cZAYkMvYz51X3xlppn7IseSa5+au9l+BgWFcWvk8gN6CTV+asGaCQqv8BzXD1vOLiUfc70O5U2dR/WAkKs8Teg==
  dependencies:
    "@codepan/kiwi-ui" "^0.0.1-5"
